
Microsoft Visual Studio Solution File, Format Version 12.00
# Visual Studio Version 17
VisualStudioVersion = 17.0.31903.59
MinimumVisualStudioVersion = 10.0.40219.1
Project("{2150E333-8FDC-42A3-9474-1A3956D46DE8}") = "src", "src", "{275E1AAA-DBA4-4999-9F14-EDC8E5FE6B6D}"
EndProject
Project("{9A19103F-16F7-4668-BE54-9A1E7A4F7556}") = "SupportSystem", "src\SupportSystem\SupportSystem.csproj", "{225FB893-B59F-42D6-9735-AE63063E32C4}"
EndProject
Project("{9A19103F-16F7-4668-BE54-9A1E7A4F7556}") = "SupportSystem.Tests", "src\SupportSystem.Tests\SupportSystem.Tests.csproj", "{9326C0DB-F753-4CF9-B190-8627965D8AEF}"
EndProject
Global
	GlobalSection(SolutionConfigurationPlatforms) = preSolution
		Debug|Any CPU = Debug|Any CPU
		Release|Any CPU = Release|Any CPU
	EndGlobalSection
	GlobalSection(ProjectConfigurationPlatforms) = postSolution
		{225FB893-B59F-42D6-9735-AE63063E32C4}.Debug|Any CPU.ActiveCfg = Debug|Any CPU
		{225FB893-B59F-42D6-9735-AE63063E32C4}.Debug|Any CPU.Build.0 = Debug|Any CPU
		{225FB893-B59F-42D6-9735-AE63063E32C4}.Release|Any CPU.ActiveCfg = Release|Any CPU
		{225FB893-B59F-42D6-9735-AE63063E32C4}.Release|Any CPU.Build.0 = Release|Any CPU
		{9326C0DB-F753-4CF9-B190-8627965D8AEF}.Debug|Any CPU.ActiveCfg = Debug|Any CPU
		{9326C0DB-F753-4CF9-B190-8627965D8AEF}.Debug|Any CPU.Build.0 = Debug|Any CPU
		{9326C0DB-F753-4CF9-B190-8627965D8AEF}.Release|Any CPU.ActiveCfg = Release|Any CPU
		{9326C0DB-F753-4CF9-B190-8627965D8AEF}.Release|Any CPU.Build.0 = Release|Any CPU
	EndGlobalSection
	GlobalSection(SolutionProperties) = preSolution
		HideSolutionNode = FALSE
	EndGlobalSection
	GlobalSection(NestedProjects) = preSolution
		{225FB893-B59F-42D6-9735-AE63063E32C4} = {275E1AAA-DBA4-4999-9F14-EDC8E5FE6B6D}
	EndGlobalSection
	GlobalSection(ExtensibilityGlobals) = postSolution
		SolutionGuid = {5AE38953-8235-4D4F-B6C7-66BF6A9E91ED}
	EndGlobalSection
EndGlobal
